
Microsoft Visual Studio Solution File, Format Version 12.00
# Visual Studio Version 17
VisualStudioVersion = 17.11.35303.130
MinimumVisualStudioVersion = 10.0.40219.1
Project("{FAE04EC0-301F-11D3-BF4B-00C04F79EFBC}") = "ProyectoFinal", "ProyectoFinal\ProyectoFinal.csproj", "{4BD1120D-9BF2-4F01-A0D9-D46FB50A2BE8}"
EndProject
Global
	GlobalSection(SolutionConfigurationPlatforms) = preSolution
		Debug|Any CPU = Debug|Any CPU
		Release|Any CPU = Release|Any CPU
	EndGlobalSection
	GlobalSection(ProjectConfigurationPlatforms) = postSolution
		{4BD1120D-9BF2-4F01-A0D9-D46FB50A2BE8}.Debug|Any CPU.ActiveCfg = Debug|Any CPU
		{4BD1120D-9BF2-4F01-A0D9-D46FB50A2BE8}.Debug|Any CPU.Build.0 = Debug|Any CPU
		{4BD1120D-9BF2-4F01-A0D9-D46FB50A2BE8}.Debug|Any CPU.Deploy.0 = Debug|Any CPU
		{4BD1120D-9BF2-4F01-A0D9-D46FB50A2BE8}.Release|Any CPU.ActiveCfg = Release|Any CPU
		{4BD1120D-9BF2-4F01-A0D9-D46FB50A2BE8}.Release|Any CPU.Build.0 = Release|Any CPU
		{4BD1120D-9BF2-4F01-A0D9-D46FB50A2BE8}.Release|Any CPU.Deploy.0 = Release|Any CPU
	EndGlobalSection
	GlobalSection(SolutionProperties) = preSolution
		HideSolutionNode = FALSE
	EndGlobalSection
	GlobalSection(ExtensibilityGlobals) = postSolution
		SolutionGuid = {67299479-9039-4775-BD31-D638701910BF}
	EndGlobalSection
EndGlobal
